
Microsoft Visual Studio Solution File, Format Version 12.00
# Visual Studio Version 17
VisualStudioVersion = 17.1.32319.34
MinimumVisualStudioVersion = 10.0.40219.1
Project("{FAE04EC0-301F-11D3-BF4B-00C04F79EFBC}") = "var", "var\var.csproj", "{4791139D-76DB-42A0-9F51-6279BAD5F4DA}"
EndProject
Global
	GlobalSection(SolutionConfigurationPlatforms) = preSolution
		Debug|Any CPU = Debug|Any CPU
		Release|Any CPU = Release|Any CPU
	EndGlobalSection
	GlobalSection(ProjectConfigurationPlatforms) = postSolution
		{4791139D-76DB-42A0-9F51-6279BAD5F4DA}.Debug|Any CPU.ActiveCfg = Debug|Any CPU
		{4791139D-76DB-42A0-9F51-6279BAD5F4DA}.Debug|Any CPU.Build.0 = Debug|Any CPU
		{4791139D-76DB-42A0-9F51-6279BAD5F4DA}.Release|Any CPU.ActiveCfg = Release|Any CPU
		{4791139D-76DB-42A0-9F51-6279BAD5F4DA}.Release|Any CPU.Build.0 = Release|Any CPU
	EndGlobalSection
	GlobalSection(SolutionProperties) = preSolution
		HideSolutionNode = FALSE
	EndGlobalSection
	GlobalSection(ExtensibilityGlobals) = postSolution
		SolutionGuid = {10911355-7989-4D01-B140-BBDB6DAD9697}
	EndGlobalSection
EndGlobal
