
Microsoft Visual Studio Solution File, Format Version 12.00
# Visual Studio Version 17
VisualStudioVersion = 17.1.32319.34
MinimumVisualStudioVersion = 10.0.40219.1
Project("{FAE04EC0-301F-11D3-BF4B-00C04F79EFBC}") = "JitOptimizeRangeCheck", "JitOptimizeRangeCheck\JitOptimizeRangeCheck.csproj", "{EFB7F2A9-B119-4547-85B4-F1AF90A70692}"
EndProject
Global
	GlobalSection(SolutionConfigurationPlatforms) = preSolution
		Debug|Any CPU = Debug|Any CPU
		Debug|x64 = Debug|x64
		Release|Any CPU = Release|Any CPU
		Release|x64 = Release|x64
	EndGlobalSection
	GlobalSection(ProjectConfigurationPlatforms) = postSolution
		{EFB7F2A9-B119-4547-85B4-F1AF90A70692}.Debug|Any CPU.ActiveCfg = Debug|Any CPU
		{EFB7F2A9-B119-4547-85B4-F1AF90A70692}.Debug|Any CPU.Build.0 = Debug|Any CPU
		{EFB7F2A9-B119-4547-85B4-F1AF90A70692}.Debug|x64.ActiveCfg = Debug|x64
		{EFB7F2A9-B119-4547-85B4-F1AF90A70692}.Debug|x64.Build.0 = Debug|x64
		{EFB7F2A9-B119-4547-85B4-F1AF90A70692}.Release|Any CPU.ActiveCfg = Release|Any CPU
		{EFB7F2A9-B119-4547-85B4-F1AF90A70692}.Release|Any CPU.Build.0 = Release|Any CPU
		{EFB7F2A9-B119-4547-85B4-F1AF90A70692}.Release|x64.ActiveCfg = Release|x64
		{EFB7F2A9-B119-4547-85B4-F1AF90A70692}.Release|x64.Build.0 = Release|x64
	EndGlobalSection
	GlobalSection(SolutionProperties) = preSolution
		HideSolutionNode = FALSE
	EndGlobalSection
	GlobalSection(ExtensibilityGlobals) = postSolution
		SolutionGuid = {12FF2321-AD5C-42D1-AE03-B7F8B0A83C62}
	EndGlobalSection
EndGlobal
