
Microsoft Visual Studio Solution File, Format Version 12.00
# Visual Studio Version 17
VisualStudioVersion = 17.11.35312.102
MinimumVisualStudioVersion = 10.0.40219.1
Project("{FAE04EC0-301F-11D3-BF4B-00C04F79EFBC}") = "CacheInfo", "CacheInfo\CacheInfo.csproj", "{2E182E0D-EF54-49D9-A2A4-CE78A6108EA3}"
EndProject
Global
	GlobalSection(SolutionConfigurationPlatforms) = preSolution
		Debug|Any CPU = Debug|Any CPU
		Release|Any CPU = Release|Any CPU
	EndGlobalSection
	GlobalSection(ProjectConfigurationPlatforms) = postSolution
		{2E182E0D-EF54-49D9-A2A4-CE78A6108EA3}.Debug|Any CPU.ActiveCfg = Debug|Any CPU
		{2E182E0D-EF54-49D9-A2A4-CE78A6108EA3}.Debug|Any CPU.Build.0 = Debug|Any CPU
		{2E182E0D-EF54-49D9-A2A4-CE78A6108EA3}.Release|Any CPU.ActiveCfg = Release|Any CPU
		{2E182E0D-EF54-49D9-A2A4-CE78A6108EA3}.Release|Any CPU.Build.0 = Release|Any CPU
	EndGlobalSection
	GlobalSection(SolutionProperties) = preSolution
		HideSolutionNode = FALSE
	EndGlobalSection
	GlobalSection(ExtensibilityGlobals) = postSolution
		SolutionGuid = {05A38040-3E6F-453A-86B9-2B0990CCA320}
	EndGlobalSection
EndGlobal
