
Microsoft Visual Studio Solution File, Format Version 12.00
# Visual Studio Version 17
VisualStudioVersion = 17.1.32319.34
MinimumVisualStudioVersion = 10.0.40219.1
Project("{FAE04EC0-301F-11D3-BF4B-00C04F79EFBC}") = "EventCalledByNullConditionalOperator", "EventCalledByNullConditionalOperator\EventCalledByNullConditionalOperator.csproj", "{FA3ED449-570A-4805-84EF-0375DBF567FF}"
EndProject
Global
	GlobalSection(SolutionConfigurationPlatforms) = preSolution
		Debug|Any CPU = Debug|Any CPU
		Release|Any CPU = Release|Any CPU
	EndGlobalSection
	GlobalSection(ProjectConfigurationPlatforms) = postSolution
		{FA3ED449-570A-4805-84EF-0375DBF567FF}.Debug|Any CPU.ActiveCfg = Debug|Any CPU
		{FA3ED449-570A-4805-84EF-0375DBF567FF}.Debug|Any CPU.Build.0 = Debug|Any CPU
		{FA3ED449-570A-4805-84EF-0375DBF567FF}.Release|Any CPU.ActiveCfg = Release|Any CPU
		{FA3ED449-570A-4805-84EF-0375DBF567FF}.Release|Any CPU.Build.0 = Release|Any CPU
	EndGlobalSection
	GlobalSection(SolutionProperties) = preSolution
		HideSolutionNode = FALSE
	EndGlobalSection
	GlobalSection(ExtensibilityGlobals) = postSolution
		SolutionGuid = {2EC8A825-7E65-4E3B-BC20-230DB79B8109}
	EndGlobalSection
EndGlobal
