
Microsoft Visual Studio Solution File, Format Version 12.00
# Visual Studio Version 17
VisualStudioVersion = 17.11.35312.102
MinimumVisualStudioVersion = 10.0.40219.1
Project("{FAE04EC0-301F-11D3-BF4B-00C04F79EFBC}") = "CachelineBench", "CachelineBench\CachelineBench.csproj", "{72EE88C6-93EA-49D3-B38A-060091FA9CAA}"
EndProject
Global
	GlobalSection(SolutionConfigurationPlatforms) = preSolution
		Debug|Any CPU = Debug|Any CPU
		Release|Any CPU = Release|Any CPU
	EndGlobalSection
	GlobalSection(ProjectConfigurationPlatforms) = postSolution
		{72EE88C6-93EA-49D3-B38A-060091FA9CAA}.Debug|Any CPU.ActiveCfg = Debug|Any CPU
		{72EE88C6-93EA-49D3-B38A-060091FA9CAA}.Debug|Any CPU.Build.0 = Debug|Any CPU
		{72EE88C6-93EA-49D3-B38A-060091FA9CAA}.Release|Any CPU.ActiveCfg = Release|Any CPU
		{72EE88C6-93EA-49D3-B38A-060091FA9CAA}.Release|Any CPU.Build.0 = Release|Any CPU
	EndGlobalSection
	GlobalSection(SolutionProperties) = preSolution
		HideSolutionNode = FALSE
	EndGlobalSection
	GlobalSection(ExtensibilityGlobals) = postSolution
		SolutionGuid = {A5FF4EDB-46B7-42D5-A3F6-4A65F44DFC23}
	EndGlobalSection
EndGlobal
