
Microsoft Visual Studio Solution File, Format Version 12.00
# Visual Studio Version 17
VisualStudioVersion = 17.8.34309.116
MinimumVisualStudioVersion = 10.0.40219.1
Project("{FAE04EC0-301F-11D3-BF4B-00C04F79EFBC}") = "EnumConstraints", "EnumConstraints\EnumConstraints.csproj", "{B57151EC-C234-43F7-8629-7D95E70219EF}"
EndProject
Global
	GlobalSection(SolutionConfigurationPlatforms) = preSolution
		Debug|Any CPU = Debug|Any CPU
		Release|Any CPU = Release|Any CPU
	EndGlobalSection
	GlobalSection(ProjectConfigurationPlatforms) = postSolution
		{B57151EC-C234-43F7-8629-7D95E70219EF}.Debug|Any CPU.ActiveCfg = Debug|Any CPU
		{B57151EC-C234-43F7-8629-7D95E70219EF}.Debug|Any CPU.Build.0 = Debug|Any CPU
		{B57151EC-C234-43F7-8629-7D95E70219EF}.Release|Any CPU.ActiveCfg = Release|Any CPU
		{B57151EC-C234-43F7-8629-7D95E70219EF}.Release|Any CPU.Build.0 = Release|Any CPU
	EndGlobalSection
	GlobalSection(SolutionProperties) = preSolution
		HideSolutionNode = FALSE
	EndGlobalSection
	GlobalSection(ExtensibilityGlobals) = postSolution
		SolutionGuid = {C14A038C-B5C8-405D-B87E-7B1B335F2209}
	EndGlobalSection
EndGlobal
