
Microsoft Visual Studio Solution File, Format Version 12.00
# Visual Studio Version 17
VisualStudioVersion = 17.1.32319.34
MinimumVisualStudioVersion = 10.0.40219.1
Project("{FAE04EC0-301F-11D3-BF4B-00C04F79EFBC}") = "Inside_LINQ", "Inside_LINQ\Inside_LINQ.csproj", "{BAEF7AB7-8BBF-4721-9860-37E353A9E457}"
EndProject
Global
	GlobalSection(SolutionConfigurationPlatforms) = preSolution
		Debug|Any CPU = Debug|Any CPU
		Release|Any CPU = Release|Any CPU
	EndGlobalSection
	GlobalSection(ProjectConfigurationPlatforms) = postSolution
		{BAEF7AB7-8BBF-4721-9860-37E353A9E457}.Debug|Any CPU.ActiveCfg = Debug|Any CPU
		{BAEF7AB7-8BBF-4721-9860-37E353A9E457}.Debug|Any CPU.Build.0 = Debug|Any CPU
		{BAEF7AB7-8BBF-4721-9860-37E353A9E457}.Release|Any CPU.ActiveCfg = Release|Any CPU
		{BAEF7AB7-8BBF-4721-9860-37E353A9E457}.Release|Any CPU.Build.0 = Release|Any CPU
	EndGlobalSection
	GlobalSection(SolutionProperties) = preSolution
		HideSolutionNode = FALSE
	EndGlobalSection
	GlobalSection(ExtensibilityGlobals) = postSolution
		SolutionGuid = {499046A5-7612-49EB-A2CD-B1CC0925CB6B}
	EndGlobalSection
EndGlobal
