
Microsoft Visual Studio Solution File, Format Version 12.00
# Visual Studio Version 17
VisualStudioVersion = 17.1.32319.34
MinimumVisualStudioVersion = 10.0.40219.1
Project("{FAE04EC0-301F-11D3-BF4B-00C04F79EFBC}") = "MemoryLayout", "MemoryLayout\MemoryLayout.csproj", "{B000D1B1-B416-40FC-A580-A58B9B2CBDCD}"
EndProject
Global
	GlobalSection(SolutionConfigurationPlatforms) = preSolution
		Debug|Any CPU = Debug|Any CPU
		Release|Any CPU = Release|Any CPU
	EndGlobalSection
	GlobalSection(ProjectConfigurationPlatforms) = postSolution
		{B000D1B1-B416-40FC-A580-A58B9B2CBDCD}.Debug|Any CPU.ActiveCfg = Debug|Any CPU
		{B000D1B1-B416-40FC-A580-A58B9B2CBDCD}.Debug|Any CPU.Build.0 = Debug|Any CPU
		{B000D1B1-B416-40FC-A580-A58B9B2CBDCD}.Release|Any CPU.ActiveCfg = Release|Any CPU
		{B000D1B1-B416-40FC-A580-A58B9B2CBDCD}.Release|Any CPU.Build.0 = Release|Any CPU
	EndGlobalSection
	GlobalSection(SolutionProperties) = preSolution
		HideSolutionNode = FALSE
	EndGlobalSection
	GlobalSection(ExtensibilityGlobals) = postSolution
		SolutionGuid = {E2A4BF03-FC9B-4C1C-BD72-987FD7A650A2}
	EndGlobalSection
EndGlobal
