
Microsoft Visual Studio Solution File, Format Version 12.00
# Visual Studio Version 17
VisualStudioVersion = 17.1.32319.34
MinimumVisualStudioVersion = 10.0.40219.1
Project("{FAE04EC0-301F-11D3-BF4B-00C04F79EFBC}") = "AvoidingValueTypeBoxing", "AvoidingValueTypeBoxing\AvoidingValueTypeBoxing.csproj", "{58C78CAF-82E5-4B36-8119-A43441200CED}"
EndProject
Global
	GlobalSection(SolutionConfigurationPlatforms) = preSolution
		Debug|Any CPU = Debug|Any CPU
		Release|Any CPU = Release|Any CPU
	EndGlobalSection
	GlobalSection(ProjectConfigurationPlatforms) = postSolution
		{58C78CAF-82E5-4B36-8119-A43441200CED}.Debug|Any CPU.ActiveCfg = Debug|Any CPU
		{58C78CAF-82E5-4B36-8119-A43441200CED}.Debug|Any CPU.Build.0 = Debug|Any CPU
		{58C78CAF-82E5-4B36-8119-A43441200CED}.Release|Any CPU.ActiveCfg = Release|Any CPU
		{58C78CAF-82E5-4B36-8119-A43441200CED}.Release|Any CPU.Build.0 = Release|Any CPU
	EndGlobalSection
	GlobalSection(SolutionProperties) = preSolution
		HideSolutionNode = FALSE
	EndGlobalSection
	GlobalSection(ExtensibilityGlobals) = postSolution
		SolutionGuid = {7FBE769B-97D6-43E2-8A8F-FD8A6451CB02}
	EndGlobalSection
EndGlobal
