
Microsoft Visual Studio Solution File, Format Version 12.00
# Visual Studio Version 17
VisualStudioVersion = 17.4.33213.308
MinimumVisualStudioVersion = 10.0.40219.1
Project("{FAE04EC0-301F-11D3-BF4B-00C04F79EFBC}") = "ListCapacity", "ListCapacity\ListCapacity.csproj", "{994AB58C-D5DE-45AB-80ED-6690B4EF475F}"
EndProject
Global
	GlobalSection(SolutionConfigurationPlatforms) = preSolution
		Debug|Any CPU = Debug|Any CPU
		Release|Any CPU = Release|Any CPU
	EndGlobalSection
	GlobalSection(ProjectConfigurationPlatforms) = postSolution
		{994AB58C-D5DE-45AB-80ED-6690B4EF475F}.Debug|Any CPU.ActiveCfg = Debug|Any CPU
		{994AB58C-D5DE-45AB-80ED-6690B4EF475F}.Debug|Any CPU.Build.0 = Debug|Any CPU
		{994AB58C-D5DE-45AB-80ED-6690B4EF475F}.Release|Any CPU.ActiveCfg = Release|Any CPU
		{994AB58C-D5DE-45AB-80ED-6690B4EF475F}.Release|Any CPU.Build.0 = Release|Any CPU
	EndGlobalSection
	GlobalSection(SolutionProperties) = preSolution
		HideSolutionNode = FALSE
	EndGlobalSection
	GlobalSection(ExtensibilityGlobals) = postSolution
		SolutionGuid = {AF1AB63A-3324-4598-8831-BBCD91F803DD}
	EndGlobalSection
EndGlobal
