
Microsoft Visual Studio Solution File, Format Version 12.00
# Visual Studio Version 17
VisualStudioVersion = 17.5.33516.290
MinimumVisualStudioVersion = 10.0.40219.1
Project("{FAE04EC0-301F-11D3-BF4B-00C04F79EFBC}") = "Unit-Testing", "Unit-Testing\Unit-Testing.csproj", "{50090AB5-785D-4386-85AB-0A9704D19462}"
EndProject
Project("{9A19103F-16F7-4668-BE54-9A1E7A4F7556}") = "ch2", "ch2\ch2.csproj", "{1679B203-75A9-4355-9B71-90770BE9EB75}"
EndProject
Project("{9A19103F-16F7-4668-BE54-9A1E7A4F7556}") = "ch3", "ch3\ch3.csproj", "{A4162F63-9777-456E-8918-233CE2E1F55E}"
EndProject
Project("{FAE04EC0-301F-11D3-BF4B-00C04F79EFBC}") = "ch4", "ch4\ch4.csproj", "{4AB1976D-1CB2-41BB-B359-4C1778CCF129}"
EndProject
Project("{FAE04EC0-301F-11D3-BF4B-00C04F79EFBC}") = "ch5", "ch5\ch5.csproj", "{BC99027D-85EE-42B3-A5C8-103BE145E98C}"
EndProject
Global
	GlobalSection(SolutionConfigurationPlatforms) = preSolution
		Debug|Any CPU = Debug|Any CPU
		Release|Any CPU = Release|Any CPU
	EndGlobalSection
	GlobalSection(ProjectConfigurationPlatforms) = postSolution
		{50090AB5-785D-4386-85AB-0A9704D19462}.Debug|Any CPU.ActiveCfg = Debug|Any CPU
		{50090AB5-785D-4386-85AB-0A9704D19462}.Debug|Any CPU.Build.0 = Debug|Any CPU
		{50090AB5-785D-4386-85AB-0A9704D19462}.Release|Any CPU.ActiveCfg = Release|Any CPU
		{50090AB5-785D-4386-85AB-0A9704D19462}.Release|Any CPU.Build.0 = Release|Any CPU
		{1679B203-75A9-4355-9B71-90770BE9EB75}.Debug|Any CPU.ActiveCfg = Debug|Any CPU
		{1679B203-75A9-4355-9B71-90770BE9EB75}.Debug|Any CPU.Build.0 = Debug|Any CPU
		{1679B203-75A9-4355-9B71-90770BE9EB75}.Release|Any CPU.ActiveCfg = Release|Any CPU
		{1679B203-75A9-4355-9B71-90770BE9EB75}.Release|Any CPU.Build.0 = Release|Any CPU
		{A4162F63-9777-456E-8918-233CE2E1F55E}.Debug|Any CPU.ActiveCfg = Debug|Any CPU
		{A4162F63-9777-456E-8918-233CE2E1F55E}.Debug|Any CPU.Build.0 = Debug|Any CPU
		{A4162F63-9777-456E-8918-233CE2E1F55E}.Release|Any CPU.ActiveCfg = Release|Any CPU
		{A4162F63-9777-456E-8918-233CE2E1F55E}.Release|Any CPU.Build.0 = Release|Any CPU
		{4AB1976D-1CB2-41BB-B359-4C1778CCF129}.Debug|Any CPU.ActiveCfg = Debug|Any CPU
		{4AB1976D-1CB2-41BB-B359-4C1778CCF129}.Debug|Any CPU.Build.0 = Debug|Any CPU
		{4AB1976D-1CB2-41BB-B359-4C1778CCF129}.Release|Any CPU.ActiveCfg = Release|Any CPU
		{4AB1976D-1CB2-41BB-B359-4C1778CCF129}.Release|Any CPU.Build.0 = Release|Any CPU
		{BC99027D-85EE-42B3-A5C8-103BE145E98C}.Debug|Any CPU.ActiveCfg = Debug|Any CPU
		{BC99027D-85EE-42B3-A5C8-103BE145E98C}.Debug|Any CPU.Build.0 = Debug|Any CPU
		{BC99027D-85EE-42B3-A5C8-103BE145E98C}.Release|Any CPU.ActiveCfg = Release|Any CPU
		{BC99027D-85EE-42B3-A5C8-103BE145E98C}.Release|Any CPU.Build.0 = Release|Any CPU
	EndGlobalSection
	GlobalSection(SolutionProperties) = preSolution
		HideSolutionNode = FALSE
	EndGlobalSection
	GlobalSection(ExtensibilityGlobals) = postSolution
		SolutionGuid = {08001EE3-1A28-4F42-87F5-42999F871208}
	EndGlobalSection
EndGlobal
