
Microsoft Visual Studio Solution File, Format Version 12.00
# Visual Studio Version 17
VisualStudioVersion = 17.5.33516.290
MinimumVisualStudioVersion = 10.0.40219.1
Project("{FAE04EC0-301F-11D3-BF4B-00C04F79EFBC}") = "Unit-Testing", "Unit-Testing\Unit-Testing.csproj", "{50090AB5-785D-4386-85AB-0A9704D19462}"
EndProject
Project("{FAE04EC0-301F-11D3-BF4B-00C04F79EFBC}") = "ch2", "ch2\ch2.csproj", "{B1516558-8BB9-4ED0-8F49-4813EA70966D}"
EndProject
Project("{FAE04EC0-301F-11D3-BF4B-00C04F79EFBC}") = "ch2-Test", "ch2-Test\ch2-Test.csproj", "{236D5B07-1E6E-4C9A-A583-6657A284EE52}"
EndProject
Global
	GlobalSection(SolutionConfigurationPlatforms) = preSolution
		Debug|Any CPU = Debug|Any CPU
		Release|Any CPU = Release|Any CPU
	EndGlobalSection
	GlobalSection(ProjectConfigurationPlatforms) = postSolution
		{50090AB5-785D-4386-85AB-0A9704D19462}.Debug|Any CPU.ActiveCfg = Debug|Any CPU
		{50090AB5-785D-4386-85AB-0A9704D19462}.Debug|Any CPU.Build.0 = Debug|Any CPU
		{50090AB5-785D-4386-85AB-0A9704D19462}.Release|Any CPU.ActiveCfg = Release|Any CPU
		{50090AB5-785D-4386-85AB-0A9704D19462}.Release|Any CPU.Build.0 = Release|Any CPU
		{B1516558-8BB9-4ED0-8F49-4813EA70966D}.Debug|Any CPU.ActiveCfg = Debug|Any CPU
		{B1516558-8BB9-4ED0-8F49-4813EA70966D}.Debug|Any CPU.Build.0 = Debug|Any CPU
		{B1516558-8BB9-4ED0-8F49-4813EA70966D}.Release|Any CPU.ActiveCfg = Release|Any CPU
		{B1516558-8BB9-4ED0-8F49-4813EA70966D}.Release|Any CPU.Build.0 = Release|Any CPU
		{236D5B07-1E6E-4C9A-A583-6657A284EE52}.Debug|Any CPU.ActiveCfg = Debug|Any CPU
		{236D5B07-1E6E-4C9A-A583-6657A284EE52}.Debug|Any CPU.Build.0 = Debug|Any CPU
		{236D5B07-1E6E-4C9A-A583-6657A284EE52}.Release|Any CPU.ActiveCfg = Release|Any CPU
		{236D5B07-1E6E-4C9A-A583-6657A284EE52}.Release|Any CPU.Build.0 = Release|Any CPU
	EndGlobalSection
	GlobalSection(SolutionProperties) = preSolution
		HideSolutionNode = FALSE
	EndGlobalSection
	GlobalSection(ExtensibilityGlobals) = postSolution
		SolutionGuid = {08001EE3-1A28-4F42-87F5-42999F871208}
	EndGlobalSection
EndGlobal
