
Microsoft Visual Studio Solution File, Format Version 12.00
# Visual Studio Version 17
VisualStudioVersion = 17.1.32319.34
MinimumVisualStudioVersion = 10.0.40219.1
Project("{FAE04EC0-301F-11D3-BF4B-00C04F79EFBC}") = "InnerGeneric", "InnerGeneric\InnerGeneric.csproj", "{DBFE4BCA-BD60-4A1C-BCBD-F0623F3BC2EB}"
EndProject
Global
	GlobalSection(SolutionConfigurationPlatforms) = preSolution
		Debug|Any CPU = Debug|Any CPU
		Release|Any CPU = Release|Any CPU
	EndGlobalSection
	GlobalSection(ProjectConfigurationPlatforms) = postSolution
		{DBFE4BCA-BD60-4A1C-BCBD-F0623F3BC2EB}.Debug|Any CPU.ActiveCfg = Debug|Any CPU
		{DBFE4BCA-BD60-4A1C-BCBD-F0623F3BC2EB}.Debug|Any CPU.Build.0 = Debug|Any CPU
		{DBFE4BCA-BD60-4A1C-BCBD-F0623F3BC2EB}.Release|Any CPU.ActiveCfg = Release|Any CPU
		{DBFE4BCA-BD60-4A1C-BCBD-F0623F3BC2EB}.Release|Any CPU.Build.0 = Release|Any CPU
	EndGlobalSection
	GlobalSection(SolutionProperties) = preSolution
		HideSolutionNode = FALSE
	EndGlobalSection
	GlobalSection(ExtensibilityGlobals) = postSolution
		SolutionGuid = {C0D39535-20E4-498D-9425-21827D67BED2}
	EndGlobalSection
EndGlobal
